
Microsoft Visual Studio Solution File, Format Version 12.00
# Visual Studio Version 16
VisualStudioVersion = 16.0.29613.14
MinimumVisualStudioVersion = 10.0.40219.1
Project("{9A19103F-16F7-4668-BE54-9A1E7A4F7556}") = "CarparkApi", "CarparkApi\CarparkApi.csproj", "{AAE4047F-F04A-4A41-A09A-9FE71EEDE421}"
EndProject
Project("{9A19103F-16F7-4668-BE54-9A1E7A4F7556}") = "CarparkClient", "CarparkClient\CarparkClient.csproj", "{29E268BE-AE51-4AB7-87F3-2BEDDAA63937}"
EndProject
Global
	GlobalSection(SolutionConfigurationPlatforms) = preSolution
		Debug|Any CPU = Debug|Any CPU
		Release|Any CPU = Release|Any CPU
	EndGlobalSection
	GlobalSection(ProjectConfigurationPlatforms) = postSolution
		{AAE4047F-F04A-4A41-A09A-9FE71EEDE421}.Debug|Any CPU.ActiveCfg = Debug|Any CPU
		{AAE4047F-F04A-4A41-A09A-9FE71EEDE421}.Debug|Any CPU.Build.0 = Debug|Any CPU
		{AAE4047F-F04A-4A41-A09A-9FE71EEDE421}.Release|Any CPU.ActiveCfg = Release|Any CPU
		{AAE4047F-F04A-4A41-A09A-9FE71EEDE421}.Release|Any CPU.Build.0 = Release|Any CPU
		{29E268BE-AE51-4AB7-87F3-2BEDDAA63937}.Debug|Any CPU.ActiveCfg = Debug|Any CPU
		{29E268BE-AE51-4AB7-87F3-2BEDDAA63937}.Debug|Any CPU.Build.0 = Debug|Any CPU
		{29E268BE-AE51-4AB7-87F3-2BEDDAA63937}.Release|Any CPU.ActiveCfg = Release|Any CPU
		{29E268BE-AE51-4AB7-87F3-2BEDDAA63937}.Release|Any CPU.Build.0 = Release|Any CPU
	EndGlobalSection
	GlobalSection(SolutionProperties) = preSolution
		HideSolutionNode = FALSE
	EndGlobalSection
	GlobalSection(ExtensibilityGlobals) = postSolution
		SolutionGuid = {615A4A33-EDD8-4134-9D23-5906D2C4D020}
	EndGlobalSection
EndGlobal
